
Microsoft Visual Studio Solution File, Format Version 12.00
# Visual Studio Version 16
VisualStudioVersion = 16.0.30011.22
MinimumVisualStudioVersion = 10.0.40219.1
Project("{2150E333-8FDC-42A3-9474-1A3956D46DE8}") = "test", "test", "{6DC215BD-05EF-49A6-ADBE-8AE399952EEC}"
EndProject
Project("{2150E333-8FDC-42A3-9474-1A3956D46DE8}") = "src", "src", "{D5C44238-0312-43F8-9705-EACFB039A48C}"
EndProject
Project("{2150E333-8FDC-42A3-9474-1A3956D46DE8}") = "Renderers", "Renderers", "{12F031E5-8DDC-40A0-9862-8764A6E190C0}"
EndProject
Project("{2150E333-8FDC-42A3-9474-1A3956D46DE8}") = "Senders", "Senders", "{926C0980-31D9-4449-903F-3C756044C28A}"
EndProject
Project("{2150E333-8FDC-42A3-9474-1A3956D46DE8}") = "Solution Items", "Solution Items", "{7B3C8C77-C54A-4F9E-A241-676AC01E49BB}"
	ProjectSection(SolutionItems) = preProject
		README.markdown = README.markdown
	EndProjectSection
EndProject
Project("{2150E333-8FDC-42A3-9474-1A3956D46DE8}") = "Renderers", "Renderers", "{47CB89AC-9615-4FA8-90DE-2D849935C36D}"
EndProject
Project("{2150E333-8FDC-42A3-9474-1A3956D46DE8}") = "Senders", "Senders", "{4DADBE55-BD91-4D14-92EA-1BD0D1545145}"
EndProject
Project("{9A19103F-16F7-4668-BE54-9A1E7A4F7556}") = "FluentEmail.Core", "src\FluentEmail.Core\FluentEmail.Core.csproj", "{386B8AB1-E99A-4E08-83BE-DD1B8C2EE876}"
EndProject
Project("{9A19103F-16F7-4668-BE54-9A1E7A4F7556}") = "FluentEmail.Razor", "src\Renderers\FluentEmail.Razor\FluentEmail.Razor.csproj", "{1C444DDD-1E09-4EDB-A6A1-57BA29C54F73}"
EndProject
Project("{9A19103F-16F7-4668-BE54-9A1E7A4F7556}") = "FluentEmail.Core.Tests", "test\FluentEmail.Core.Tests\FluentEmail.Core.Tests.csproj", "{72D765E8-81DE-4E18-92C5-ED5BDD65324F}"
EndProject
Project("{9A19103F-16F7-4668-BE54-9A1E7A4F7556}") = "FluentEmail.Smtp", "src\Senders\FluentEmail.Smtp\FluentEmail.Smtp.csproj", "{3808D62F-9F8A-4644-A965-361968770CFB}"
EndProject
Project("{9A19103F-16F7-4668-BE54-9A1E7A4F7556}") = "FluentEmail.Razor.Tests", "test\FluentEmail.Razor.Tests\FluentEmail.Razor.Tests.csproj", "{F54586BA-31F0-4EF4-B965-90007C9AA04C}"
EndProject
Project("{9A19103F-16F7-4668-BE54-9A1E7A4F7556}") = "FluentEmail.Smtp.Tests", "test\FluentEmail.Smtp.Tests\FluentEmail.Smtp.Tests.csproj", "{3FF90BAA-3273-42D7-A9A3-B176FEC81E11}"
EndProject
Project("{9A19103F-16F7-4668-BE54-9A1E7A4F7556}") = "FluentEmail.Mailgun", "src\Senders\FluentEmail.Mailgun\FluentEmail.Mailgun.csproj", "{EFB250E1-92D2-476D-88A5-372B08D73C49}"
EndProject
Project("{9A19103F-16F7-4668-BE54-9A1E7A4F7556}") = "FluentEmail.SendGrid", "src\Senders\FluentEmail.SendGrid\FluentEmail.SendGrid.csproj", "{03FFB5B9-54C9-45A3-8E13-3D4B972704F8}"
EndProject
Project("{9A19103F-16F7-4668-BE54-9A1E7A4F7556}") = "FluentEmail.SendGrid.Tests", "test\FluentEmail.SendGrid.Tests\FluentEmail.SendGrid.Tests.csproj", "{4636C06B-60ED-48AC-9833-02B8F4EB75F9}"
EndProject
Project("{9A19103F-16F7-4668-BE54-9A1E7A4F7556}") = "FluentEmail.Mailgun.Tests", "test\FluentEmail.Mailgun.Tests\FluentEmail.Mailgun.Tests.csproj", "{53A1FC1E-E7A5-4C51-9AFB-DDBB9B35BA42}"
EndProject
Project("{9A19103F-16F7-4668-BE54-9A1E7A4F7556}") = "FluentEmail.Mailtrap.Tests", "test\FluentEmail.Mailtrap.Tests\FluentEmail.Mailtrap.Tests.csproj", "{62DB7C68-A7D8-486F-9550-B5E789A7B878}"
EndProject
Project("{9A19103F-16F7-4668-BE54-9A1E7A4F7556}") = "FluentEmail.Mailtrap", "src\Senders\FluentEmail.Mailtrap\FluentEmail.Mailtrap.csproj", "{FD858CCC-4CF3-4899-B72F-F93C13832174}"
EndProject
Project("{9A19103F-16F7-4668-BE54-9A1E7A4F7556}") = "FluentEmail.MailKit", "src\Senders\FluentEmail.MailKit\FluentEmail.MailKit.csproj", "{AEC98399-8C63-4362-B307-0DFB25FFC948}"
EndProject
Project("{9A19103F-16F7-4668-BE54-9A1E7A4F7556}") = "FluentEmail.MailKit.Tests", "test\FluentEmail.MailKit.Tests\FluentEmail.MailKit.Tests.csproj", "{57718ED0-6B5D-419F-A5C5-1884BE3529A5}"
EndProject
Project("{9A19103F-16F7-4668-BE54-9A1E7A4F7556}") = "FluentEmail.Graph", "FluentEmail.Graph\FluentEmail.Graph.csproj", "{0C7819AD-BC76-465D-9B2A-BE2DA75042F2}"
EndProject
Project("{FAE04EC0-301F-11D3-BF4B-00C04F79EFBC}") = "FluentEmail.Graph.Tests", "FluentEmail.Graph.Tests\FluentEmail.Graph.Tests.csproj", "{A180EE2A-CD37-4762-8AC7-ADAC828FB4A0}"
EndProject
Global
	GlobalSection(SolutionConfigurationPlatforms) = preSolution
		Debug|Any CPU = Debug|Any CPU
		Release|Any CPU = Release|Any CPU
	EndGlobalSection
	GlobalSection(ProjectConfigurationPlatforms) = postSolution
		{386B8AB1-E99A-4E08-83BE-DD1B8C2EE876}.Debug|Any CPU.ActiveCfg = Debug|Any CPU
		{386B8AB1-E99A-4E08-83BE-DD1B8C2EE876}.Debug|Any CPU.Build.0 = Debug|Any CPU
		{386B8AB1-E99A-4E08-83BE-DD1B8C2EE876}.Release|Any CPU.ActiveCfg = Release|Any CPU
		{386B8AB1-E99A-4E08-83BE-DD1B8C2EE876}.Release|Any CPU.Build.0 = Release|Any CPU
		{1C444DDD-1E09-4EDB-A6A1-57BA29C54F73}.Debug|Any CPU.ActiveCfg = Debug|Any CPU
		{1C444DDD-1E09-4EDB-A6A1-57BA29C54F73}.Debug|Any CPU.Build.0 = Debug|Any CPU
		{1C444DDD-1E09-4EDB-A6A1-57BA29C54F73}.Release|Any CPU.ActiveCfg = Release|Any CPU
		{1C444DDD-1E09-4EDB-A6A1-57BA29C54F73}.Release|Any CPU.Build.0 = Release|Any CPU
		{72D765E8-81DE-4E18-92C5-ED5BDD65324F}.Debug|Any CPU.ActiveCfg = Debug|Any CPU
		{72D765E8-81DE-4E18-92C5-ED5BDD65324F}.Debug|Any CPU.Build.0 = Debug|Any CPU
		{72D765E8-81DE-4E18-92C5-ED5BDD65324F}.Release|Any CPU.ActiveCfg = Release|Any CPU
		{72D765E8-81DE-4E18-92C5-ED5BDD65324F}.Release|Any CPU.Build.0 = Release|Any CPU
		{3808D62F-9F8A-4644-A965-361968770CFB}.Debug|Any CPU.ActiveCfg = Debug|Any CPU
		{3808D62F-9F8A-4644-A965-361968770CFB}.Debug|Any CPU.Build.0 = Debug|Any CPU
		{3808D62F-9F8A-4644-A965-361968770CFB}.Release|Any CPU.ActiveCfg = Release|Any CPU
		{3808D62F-9F8A-4644-A965-361968770CFB}.Release|Any CPU.Build.0 = Release|Any CPU
		{F54586BA-31F0-4EF4-B965-90007C9AA04C}.Debug|Any CPU.ActiveCfg = Debug|Any CPU
		{F54586BA-31F0-4EF4-B965-90007C9AA04C}.Debug|Any CPU.Build.0 = Debug|Any CPU
		{F54586BA-31F0-4EF4-B965-90007C9AA04C}.Release|Any CPU.ActiveCfg = Release|Any CPU
		{F54586BA-31F0-4EF4-B965-90007C9AA04C}.Release|Any CPU.Build.0 = Release|Any CPU
		{3FF90BAA-3273-42D7-A9A3-B176FEC81E11}.Debug|Any CPU.ActiveCfg = Debug|Any CPU
		{3FF90BAA-3273-42D7-A9A3-B176FEC81E11}.Debug|Any CPU.Build.0 = Debug|Any CPU
		{3FF90BAA-3273-42D7-A9A3-B176FEC81E11}.Release|Any CPU.ActiveCfg = Release|Any CPU
		{3FF90BAA-3273-42D7-A9A3-B176FEC81E11}.Release|Any CPU.Build.0 = Release|Any CPU
		{EFB250E1-92D2-476D-88A5-372B08D73C49}.Debug|Any CPU.ActiveCfg = Debug|Any CPU
		{EFB250E1-92D2-476D-88A5-372B08D73C49}.Debug|Any CPU.Build.0 = Debug|Any CPU
		{EFB250E1-92D2-476D-88A5-372B08D73C49}.Release|Any CPU.ActiveCfg = Release|Any CPU
		{EFB250E1-92D2-476D-88A5-372B08D73C49}.Release|Any CPU.Build.0 = Release|Any CPU
		{03FFB5B9-54C9-45A3-8E13-3D4B972704F8}.Debug|Any CPU.ActiveCfg = Debug|Any CPU
		{03FFB5B9-54C9-45A3-8E13-3D4B972704F8}.Debug|Any CPU.Build.0 = Debug|Any CPU
		{03FFB5B9-54C9-45A3-8E13-3D4B972704F8}.Release|Any CPU.ActiveCfg = Release|Any CPU
		{03FFB5B9-54C9-45A3-8E13-3D4B972704F8}.Release|Any CPU.Build.0 = Release|Any CPU
		{4636C06B-60ED-48AC-9833-02B8F4EB75F9}.Debug|Any CPU.ActiveCfg = Debug|Any CPU
		{4636C06B-60ED-48AC-9833-02B8F4EB75F9}.Debug|Any CPU.Build.0 = Debug|Any CPU
		{4636C06B-60ED-48AC-9833-02B8F4EB75F9}.Release|Any CPU.ActiveCfg = Release|Any CPU
		{4636C06B-60ED-48AC-9833-02B8F4EB75F9}.Release|Any CPU.Build.0 = Release|Any CPU
		{53A1FC1E-E7A5-4C51-9AFB-DDBB9B35BA42}.Debug|Any CPU.ActiveCfg = Debug|Any CPU
		{53A1FC1E-E7A5-4C51-9AFB-DDBB9B35BA42}.Debug|Any CPU.Build.0 = Debug|Any CPU
		{53A1FC1E-E7A5-4C51-9AFB-DDBB9B35BA42}.Release|Any CPU.ActiveCfg = Release|Any CPU
		{53A1FC1E-E7A5-4C51-9AFB-DDBB9B35BA42}.Release|Any CPU.Build.0 = Release|Any CPU
		{62DB7C68-A7D8-486F-9550-B5E789A7B878}.Debug|Any CPU.ActiveCfg = Debug|Any CPU
		{62DB7C68-A7D8-486F-9550-B5E789A7B878}.Debug|Any CPU.Build.0 = Debug|Any CPU
		{62DB7C68-A7D8-486F-9550-B5E789A7B878}.Release|Any CPU.ActiveCfg = Release|Any CPU
		{62DB7C68-A7D8-486F-9550-B5E789A7B878}.Release|Any CPU.Build.0 = Release|Any CPU
		{FD858CCC-4CF3-4899-B72F-F93C13832174}.Debug|Any CPU.ActiveCfg = Debug|Any CPU
		{FD858CCC-4CF3-4899-B72F-F93C13832174}.Debug|Any CPU.Build.0 = Debug|Any CPU
		{FD858CCC-4CF3-4899-B72F-F93C13832174}.Release|Any CPU.ActiveCfg = Release|Any CPU
		{FD858CCC-4CF3-4899-B72F-F93C13832174}.Release|Any CPU.Build.0 = Release|Any CPU
		{AEC98399-8C63-4362-B307-0DFB25FFC948}.Debug|Any CPU.ActiveCfg = Debug|Any CPU
		{AEC98399-8C63-4362-B307-0DFB25FFC948}.Debug|Any CPU.Build.0 = Debug|Any CPU
		{AEC98399-8C63-4362-B307-0DFB25FFC948}.Release|Any CPU.ActiveCfg = Release|Any CPU
		{AEC98399-8C63-4362-B307-0DFB25FFC948}.Release|Any CPU.Build.0 = Release|Any CPU
		{57718ED0-6B5D-419F-A5C5-1884BE3529A5}.Debug|Any CPU.ActiveCfg = Debug|Any CPU
		{57718ED0-6B5D-419F-A5C5-1884BE3529A5}.Debug|Any CPU.Build.0 = Debug|Any CPU
		{57718ED0-6B5D-419F-A5C5-1884BE3529A5}.Release|Any CPU.ActiveCfg = Release|Any CPU
		{57718ED0-6B5D-419F-A5C5-1884BE3529A5}.Release|Any CPU.Build.0 = Release|Any CPU
		{0C7819AD-BC76-465D-9B2A-BE2DA75042F2}.Debug|Any CPU.ActiveCfg = Debug|Any CPU
		{0C7819AD-BC76-465D-9B2A-BE2DA75042F2}.Debug|Any CPU.Build.0 = Debug|Any CPU
		{0C7819AD-BC76-465D-9B2A-BE2DA75042F2}.Release|Any CPU.ActiveCfg = Release|Any CPU
		{0C7819AD-BC76-465D-9B2A-BE2DA75042F2}.Release|Any CPU.Build.0 = Release|Any CPU
		{A180EE2A-CD37-4762-8AC7-ADAC828FB4A0}.Debug|Any CPU.ActiveCfg = Debug|Any CPU
		{A180EE2A-CD37-4762-8AC7-ADAC828FB4A0}.Debug|Any CPU.Build.0 = Debug|Any CPU
		{A180EE2A-CD37-4762-8AC7-ADAC828FB4A0}.Release|Any CPU.ActiveCfg = Release|Any CPU
		{A180EE2A-CD37-4762-8AC7-ADAC828FB4A0}.Release|Any CPU.Build.0 = Release|Any CPU
	EndGlobalSection
	GlobalSection(SolutionProperties) = preSolution
		HideSolutionNode = FALSE
	EndGlobalSection
	GlobalSection(NestedProjects) = preSolution
		{12F031E5-8DDC-40A0-9862-8764A6E190C0} = {D5C44238-0312-43F8-9705-EACFB039A48C}
		{926C0980-31D9-4449-903F-3C756044C28A} = {D5C44238-0312-43F8-9705-EACFB039A48C}
		{47CB89AC-9615-4FA8-90DE-2D849935C36D} = {6DC215BD-05EF-49A6-ADBE-8AE399952EEC}
		{4DADBE55-BD91-4D14-92EA-1BD0D1545145} = {6DC215BD-05EF-49A6-ADBE-8AE399952EEC}
		{386B8AB1-E99A-4E08-83BE-DD1B8C2EE876} = {D5C44238-0312-43F8-9705-EACFB039A48C}
		{1C444DDD-1E09-4EDB-A6A1-57BA29C54F73} = {12F031E5-8DDC-40A0-9862-8764A6E190C0}
		{72D765E8-81DE-4E18-92C5-ED5BDD65324F} = {6DC215BD-05EF-49A6-ADBE-8AE399952EEC}
		{3808D62F-9F8A-4644-A965-361968770CFB} = {926C0980-31D9-4449-903F-3C756044C28A}
		{F54586BA-31F0-4EF4-B965-90007C9AA04C} = {47CB89AC-9615-4FA8-90DE-2D849935C36D}
		{3FF90BAA-3273-42D7-A9A3-B176FEC81E11} = {4DADBE55-BD91-4D14-92EA-1BD0D1545145}
		{EFB250E1-92D2-476D-88A5-372B08D73C49} = {926C0980-31D9-4449-903F-3C756044C28A}
		{03FFB5B9-54C9-45A3-8E13-3D4B972704F8} = {926C0980-31D9-4449-903F-3C756044C28A}
		{4636C06B-60ED-48AC-9833-02B8F4EB75F9} = {4DADBE55-BD91-4D14-92EA-1BD0D1545145}
		{53A1FC1E-E7A5-4C51-9AFB-DDBB9B35BA42} = {4DADBE55-BD91-4D14-92EA-1BD0D1545145}
		{62DB7C68-A7D8-486F-9550-B5E789A7B878} = {4DADBE55-BD91-4D14-92EA-1BD0D1545145}
		{FD858CCC-4CF3-4899-B72F-F93C13832174} = {926C0980-31D9-4449-903F-3C756044C28A}
		{AEC98399-8C63-4362-B307-0DFB25FFC948} = {926C0980-31D9-4449-903F-3C756044C28A}
		{57718ED0-6B5D-419F-A5C5-1884BE3529A5} = {4DADBE55-BD91-4D14-92EA-1BD0D1545145}
		{0C7819AD-BC76-465D-9B2A-BE2DA75042F2} = {926C0980-31D9-4449-903F-3C756044C28A}
		{A180EE2A-CD37-4762-8AC7-ADAC828FB4A0} = {4DADBE55-BD91-4D14-92EA-1BD0D1545145}
	EndGlobalSection
	GlobalSection(ExtensibilityGlobals) = postSolution
		SolutionGuid = {23736554-5288-4B30-9710-B4D9880BCF0B}
	EndGlobalSection
	GlobalSection(TestCaseManagementSettings) = postSolution
		CategoryFile = FluentEmail.vsmdi
	EndGlobalSection
EndGlobal
